
Microsoft Visual Studio Solution File, Format Version 12.00
# Visual Studio Version 17
VisualStudioVersion = 17.1.32319.34
MinimumVisualStudioVersion = 10.0.40219.1
Project("{FAE04EC0-301F-11D3-BF4B-00C04F79EFBC}") = "WindowsFormsApp7", "WindowsFormsApp7.csproj", "{69F8F589-CF05-48FC-8FE5-D00F857605B5}"
EndProject
Global
	GlobalSection(SolutionConfigurationPlatforms) = preSolution
		Debug|Any CPU = Debug|Any CPU
		Release|Any CPU = Release|Any CPU
	EndGlobalSection
	GlobalSection(ProjectConfigurationPlatforms) = postSolution
		{69F8F589-CF05-48FC-8FE5-D00F857605B5}.Debug|Any CPU.ActiveCfg = Debug|Any CPU
		{69F8F589-CF05-48FC-8FE5-D00F857605B5}.Debug|Any CPU.Build.0 = Debug|Any CPU
		{69F8F589-CF05-48FC-8FE5-D00F857605B5}.Release|Any CPU.ActiveCfg = Release|Any CPU
		{69F8F589-CF05-48FC-8FE5-D00F857605B5}.Release|Any CPU.Build.0 = Release|Any CPU
	EndGlobalSection
	GlobalSection(SolutionProperties) = preSolution
		HideSolutionNode = FALSE
	EndGlobalSection
	GlobalSection(ExtensibilityGlobals) = postSolution
		SolutionGuid = {4524B69D-E80F-4740-B242-9B9DEBD41902}
	EndGlobalSection
EndGlobal
